
Microsoft Visual Studio Solution File, Format Version 12.00
# Visual Studio Version 17
VisualStudioVersion = 17.5.002.0
MinimumVisualStudioVersion = 10.0.40219.1
Project("{9A19103F-16F7-4668-BE54-9A1E7A4F7556}") = "Client", "Client.csproj", "{3DAEAFD1-FAF7-49F1-9C8E-FFCA4F0F2E22}"
EndProject
Global
	GlobalSection(SolutionConfigurationPlatforms) = preSolution
		Debug|Any CPU = Debug|Any CPU
		Release|Any CPU = Release|Any CPU
	EndGlobalSection
	GlobalSection(ProjectConfigurationPlatforms) = postSolution
		{3DAEAFD1-FAF7-49F1-9C8E-FFCA4F0F2E22}.Debug|Any CPU.ActiveCfg = Debug|Any CPU
		{3DAEAFD1-FAF7-49F1-9C8E-FFCA4F0F2E22}.Debug|Any CPU.Build.0 = Debug|Any CPU
		{3DAEAFD1-FAF7-49F1-9C8E-FFCA4F0F2E22}.Release|Any CPU.ActiveCfg = Release|Any CPU
		{3DAEAFD1-FAF7-49F1-9C8E-FFCA4F0F2E22}.Release|Any CPU.Build.0 = Release|Any CPU
		{34EAF679-5396-4155-9CF5-EB70F8F0B086}.Debug|Any CPU.ActiveCfg = Debug|Any CPU
		{34EAF679-5396-4155-9CF5-EB70F8F0B086}.Debug|Any CPU.Build.0 = Debug|Any CPU
		{34EAF679-5396-4155-9CF5-EB70F8F0B086}.Release|Any CPU.ActiveCfg = Release|Any CPU
		{34EAF679-5396-4155-9CF5-EB70F8F0B086}.Release|Any CPU.Build.0 = Release|Any CPU
	EndGlobalSection
	GlobalSection(SolutionProperties) = preSolution
		HideSolutionNode = FALSE
	EndGlobalSection
	GlobalSection(ExtensibilityGlobals) = postSolution
		SolutionGuid = {274EAE1D-F7F7-46E2-AA63-B0EEE9963DA3}
	EndGlobalSection
EndGlobal
